<?xml version="1.0" encoding="utf-8"?>
<Project ToolsVersion="4.0" xmlns="http://schemas.microsoft.com/developer/msbuild/2003">
  <ItemGroup>
    <Filter Include="インプットコントローラー">
      <UniqueIdentifier>{252f5919-6a13-4329-b82c-4cd78c0a2e23}</UniqueIdentifier>
    </Filter>
    <Filter Include="シーンマネージャー">
      <UniqueIdentifier>{d8ba978c-ce72-4977-9d4c-0dff73ba36d9}</UniqueIdentifier>
    </Filter>
    <Filter Include="FPSコントローラー">
      <UniqueIdentifier>{69edd831-a027-44c8-98b4-4260c6bd045c}</UniqueIdentifier>
    </Filter>
    <Filter Include="シーン">
      <UniqueIdentifier>{221a9e51-73d2-4d22-a306-7e6760297c76}</UniqueIdentifier>
    </Filter>
    <Filter Include="メイン">
      <UniqueIdentifier>{392ff1b7-8491-447a-b0b5-ebf74d71e47a}</UniqueIdentifier>
    </Filter>
    <Filter Include="ゲーム処理">
      <UniqueIdentifier>{f7057e4a-221d-4c88-a799-75762fc5aa83}</UniqueIdentifier>
    </Filter>
    <Filter Include="ゲーム処理\ゲームUI / プレイヤーUI">
      <UniqueIdentifier>{7a2d1699-2d3b-421b-9774-2d99ec39e015}</UniqueIdentifier>
    </Filter>

    <Filter Include="weapon">
      <UniqueIdentifier>{b6f9855e-5c43-4fec-80a0-add291ac6a53}</UniqueIdentifier>
	</Filter>
    <Filter Include="ステージ">
      <UniqueIdentifier>{a0003b8f-e6a4-41fd-9fff-4fc9c0429512}</UniqueIdentifier>
    </Filter>
    <Filter Include="敵">
      <UniqueIdentifier>{398ca3f0-f89d-4600-bab8-dcf41ef29e5a}</UniqueIdentifier>
    </Filter>
  </ItemGroup>
  <ItemGroup>
    <ClInclude Include="scene.h">
      <Filter>シーンマネージャー</Filter>
    </ClInclude>
    <ClInclude Include="sceneManager.h">
      <Filter>シーンマネージャー</Filter>
    </ClInclude>
    <ClInclude Include="inputCtrl.h">
      <Filter>インプットコントローラー</Filter>
    </ClInclude>
    <ClInclude Include="fpsCtrl.h">
      <Filter>FPSコントローラー</Filter>
    </ClInclude>
    <ClInclude Include="scene_debug.h">
      <Filter>シーン</Filter>
    </ClInclude>
    <ClInclude Include="main.h">
      <Filter>メイン</Filter>
    </ClInclude>
    <ClInclude Include="scene_game.h">
      <Filter>シーン</Filter>
    </ClInclude>
    <ClInclude Include="game_ui.h">
      <Filter>ゲーム処理\ゲームUI / プレイヤーUI</Filter>
    </ClInclude>
    <ClInclude Include="kitamura_test.h">
      <Filter>シーン</Filter>
    </ClInclude>
    <ClInclude Include="weapon.h">
      <Filter>weapon</Filter>
    </ClInclude>
    <ClInclude Include="Stage.h">
      <Filter>ステージ</Filter>
    </ClInclude>
    <ClInclude Include="Common.h">
      <Filter>敵</Filter>
    </ClInclude>
    <ClInclude Include="EnemyBase.h">
      <Filter>敵</Filter>
    </ClInclude>
    <ClInclude Include="Slime.h">
      <Filter>敵</Filter>
    </ClInclude>
    <ClInclude Include="SphereCollider.h">
      <Filter>敵</Filter>
    </ClInclude>
    <ClInclude Include="map.h" />
    <ClInclude Include="scene_load.h">
      <Filter>シーン</Filter>
    </ClInclude>
  </ItemGroup>
  <ItemGroup>
    <ClCompile Include="scene_debug.cpp">
      <Filter>シーン</Filter>
    </ClCompile>
    <ClCompile Include="sceneManager.cpp">
      <Filter>シーンマネージャー</Filter>
    </ClCompile>
    <ClCompile Include="inputCtrl.cpp">
      <Filter>インプットコントローラー</Filter>
    </ClCompile>
    <ClCompile Include="fpsCtrl.cpp">
      <Filter>FPSコントローラー</Filter>
    </ClCompile>
    <ClCompile Include="main.cpp">
      <Filter>メイン</Filter>
    </ClCompile>
    <ClCompile Include="scene_game.cpp">
      <Filter>シーン</Filter>
    </ClCompile>
    <ClCompile Include="game_ui.cpp">
      <Filter>ゲーム処理\ゲームUI / プレイヤーUI</Filter>
    </ClCompile>
    <ClCompile Include="kitamura_test.cpp">
      <Filter>シーン</Filter>
    </ClCompile>
    <ClCompile Include="weapon.cpp">
      <Filter>weapon</Filter>
    </ClCompile>
    <ClCompile Include="Stage.cpp">
      <Filter>ステージ</Filter>
    </ClCompile>
    <ClCompile Include="EnemyBase.cpp">
      <Filter>敵</Filter>
    </ClCompile>
    <ClCompile Include="Slime.cpp">
      <Filter>敵</Filter>
    </ClCompile>
    <ClCompile Include="SphereCollider.cpp">
      <Filter>敵</Filter>
    </ClCompile>
    <ClCompile Include="map.cpp" />
    <ClCompile Include="scene_load.cpp">
      <Filter>シーン</Filter>
    </ClCompile>
  </ItemGroup>
</Project>